{
  "nodes": {
    "nixpkgs": {
      "locked": {
        "lastModified": 1625874246,
        "narHash": "sha256-7cGgcysIXz/j/lRpJn7cNJjf0+k7sQ5EuGn62252Svw=",
        "owner": "nixos",
        "repo": "nixpkgs",
        "rev": "45fc7d4a35c5343e58541a7847f6415654ccbb37",
        "type": "github"
      },
      "original": {
        "owner": "nixos",
        "ref": "nixos-unstable",
        "repo": "nixpkgs",
        "type": "github"
      }
    },
    "root": {
      "inputs": {
        "nixpkgs": "nixpkgs",
        "utils": "utils"
      }
    },
    "utils": {
      "locked": {
        "lastModified": 1623875721,
        "narHash": "sha256-A8BU7bjS5GirpAUv4QA+QnJ4CceLHkcXdRp4xITDB0s=",
        "owner": "numtide",
        "repo": "flake-utils",
        "rev": "f7e004a55b120c02ecb6219596820fcd32ca8772",
        "type": "github"
      },
      "original": {
        "owner": "numtide",
        "repo": "flake-utils",
        "type": "github"
      }
    }
  },
  "root": "root",
  "version": 7
}
